Microsoft Visual Studio Solution File, Format Version 12.00
# Visual Studio Version 17
VisualStudioVersion = 17.5.2.0
MinimumVisualStudioVersion = 10.0.40219.1
Project("{2150E333-8FDC-42A3-9474-1A3956D46DE8}") = "tools", "tools", "{07C2787E-EAC7-C090-1BA3-A61EC2A24D84}"
EndProject
Project("{FAE04EC0-301F-11D3-BF4B-00C04F79EFBC}") = "rshw_serializer", "tools\rshw_serializer\rshw_serializer.csproj", "{17E35312-440B-6DF2-D31E-8277C4087390}"
EndProject
Global
	GlobalSection(SolutionConfigurationPlatforms) = preSolution
		Debug|Any CPU = Debug|Any CPU
		Release|Any CPU = Release|Any CPU
	EndGlobalSection
	GlobalSection(ProjectConfigurationPlatforms) = postSolution
		{17E35312-440B-6DF2-D31E-8277C4087390}.Debug|Any CPU.ActiveCfg = Debug|Any CPU
		{17E35312-440B-6DF2-D31E-8277C4087390}.Debug|Any CPU.Build.0 = Debug|Any CPU
		{17E35312-440B-6DF2-D31E-8277C4087390}.Release|Any CPU.ActiveCfg = Release|Any CPU
		{17E35312-440B-6DF2-D31E-8277C4087390}.Release|Any CPU.Build.0 = Release|Any CPU
	EndGlobalSection
	GlobalSection(SolutionProperties) = preSolution
		HideSolutionNode = FALSE
	EndGlobalSection
	GlobalSection(NestedProjects) = preSolution
		{17E35312-440B-6DF2-D31E-8277C4087390} = {07C2787E-EAC7-C090-1BA3-A61EC2A24D84}
	EndGlobalSection
	GlobalSection(ExtensibilityGlobals) = postSolution
		SolutionGuid = {E3FA7CBC-0064-41FC-B826-E0BA4D54930C}
	EndGlobalSection
EndGlobal
